
Microsoft Visual Studio Solution File, Format Version 12.00
# Visual Studio Version 16
VisualStudioVersion = 16.0.33529.622
MinimumVisualStudioVersion = 10.0.40219.1
Project("{FAE04EC0-301F-11D3-BF4B-00C04F79EFBC}") = "apidemo", "apidemo.csproj", "{B9855E9D-D702-4963-B734-13EA307B226B}"
EndProject
Global
	GlobalSection(SolutionConfigurationPlatforms) = preSolution
		Debug|Any CPU = Debug|Any CPU
		Release|Any CPU = Release|Any CPU
	EndGlobalSection
	GlobalSection(ProjectConfigurationPlatforms) = postSolution
		{B9855E9D-D702-4963-B734-13EA307B226B}.Debug|Any CPU.ActiveCfg = Debug|Any CPU
		{B9855E9D-D702-4963-B734-13EA307B226B}.Debug|Any CPU.Build.0 = Debug|Any CPU
		{B9855E9D-D702-4963-B734-13EA307B226B}.Release|Any CPU.ActiveCfg = Release|Any CPU
		{B9855E9D-D702-4963-B734-13EA307B226B}.Release|Any CPU.Build.0 = Release|Any CPU
	EndGlobalSection
	GlobalSection(SolutionProperties) = preSolution
		HideSolutionNode = FALSE
	EndGlobalSection
	GlobalSection(ExtensibilityGlobals) = postSolution
		SolutionGuid = {A7D430E8-3A15-4734-A8CB-0A7CCDBCA2F2}
	EndGlobalSection
EndGlobal
